// !$*UTF8*$!
{
	archiveVersion = 1;
	classes = {
	};
	objectVersion = 52;
	objects = {

/* Begin PBXBuildFile section */
		8A16187629F69A9200CE2598 /* XPConnectKit in Frameworks */ = {isa = PBXBuildFile; productRef = 8A16187529F69A9200CE2598 /* XPConnectKit */; };
		8A16187829F69A9200CE2598 /* XPDiscoveryKit in Frameworks */ = {isa = PBXBuildFile; productRef = 8A16187729F69A9200CE2598 /* XPDiscoveryKit */; };
		8A60DBBF1FD60523003076B6 /* AppDelegate.swift in Sources */ = {isa = PBXBuildFile; fileRef = 8A60DBBE1FD60523003076B6 /* AppDelegate.swift */; };
		8A60DBC11FD60523003076B6 /* ViewController.swift in Sources */ = {isa = PBXBuildFile; fileRef = 8A60DBC01FD60523003076B6 /* ViewController.swift */; };
		8A60DBC41FD60523003076B6 /* Main.storyboard in Resources */ = {isa = PBXBuildFile; fileRef = 8A60DBC21FD60523003076B6 /* Main.storyboard */; };
		8A60DBC61FD60523003076B6 /* Assets.xcassets in Resources */ = {isa = PBXBuildFile; fileRef = 8A60DBC51FD60523003076B6 /* Assets.xcassets */; };
		8A60DBC91FD60523003076B6 /* LaunchScreen.storyboard in Resources */ = {isa = PBXBuildFile; fileRef = 8A60DBC71FD60523003076B6 /* LaunchScreen.storyboard */; };
		8A6EA40B205BD41200692CA7 /* ViewControllerExtensions.swift in Sources */ = {isa = PBXBuildFile; fileRef = 8A6EA40A205BD41200692CA7 /* ViewControllerExtensions.swift */; };
		8A70C4482057AC52001F3F20 /* UnitExtensions.swift in Sources */ = {isa = PBXBuildFile; fileRef = 8A70C4472057AC52001F3F20 /* UnitExtensions.swift */; };
/* End PBXBuildFile section */

/* Begin PBXCopyFilesBuildPhase section */
		8A60DBD21FD60543003076B6 /* Embed Frameworks */ = {
			isa = PBXCopyFilesBuildPhase;
			buildActionMask = 2147483647;
			dstPath = "";
			dstSubfolderSpec = 10;
			files = (
			);
			name = "Embed Frameworks";
			runOnlyForDeploymentPostprocessing = 0;
		};
/* End PBXCopyFilesBuildPhase section */

/* Begin PBXFileReference section */
		3DB6C77721BFFE900055321C /* Cartfile */ = {isa = PBXFileReference; lastKnownFileType = text; path = Cartfile; sourceTree = "<group>"; };
		3DB6C77821BFFE900055321C /* Cartfile.resolved */ = {isa = PBXFileReference; lastKnownFileType = text; path = Cartfile.resolved; sourceTree = "<group>"; };
		8A16187329F69A6100CE2598 /* XPConnectKit */ = {isa = PBXFileReference; lastKnownFileType = wrapper; path = XPConnectKit; sourceTree = "<group>"; };
		8A16187429F69A6700CE2598 /* XPDiscoveryKit */ = {isa = PBXFileReference; lastKnownFileType = wrapper; path = XPDiscoveryKit; sourceTree = "<group>"; };
		8A60DBBC1FD60523003076B6 /* XPConnectSample.app */ = {isa = PBXFileReference; explicitFileType = wrapper.application; includeInIndex = 0; path = XPConnectSample.app; sourceTree = BUILT_PRODUCTS_DIR; };
		8A60DBBE1FD60523003076B6 /* AppDelegate.swift */ = {isa = PBXFileReference; lastKnownFileType = sourcecode.swift; path = AppDelegate.swift; sourceTree = "<group>"; };
		8A60DBC01FD60523003076B6 /* ViewController.swift */ = {isa = PBXFileReference; lastKnownFileType = sourcecode.swift; path = ViewController.swift; sourceTree = "<group>"; };
		8A60DBC31FD60523003076B6 /* Base */ = {isa = PBXFileReference; lastKnownFileType = file.storyboard; name = Base; path = Base.lproj/Main.storyboard; sourceTree = "<group>"; };
		8A60DBC51FD60523003076B6 /* Assets.xcassets */ = {isa = PBXFileReference; lastKnownFileType = folder.assetcatalog; path = Assets.xcassets; sourceTree = "<group>"; };
		8A60DBC81FD60523003076B6 /* Base */ = {isa = PBXFileReference; lastKnownFileType = file.storyboard; name = Base; path = Base.lproj/LaunchScreen.storyboard; sourceTree = "<group>"; };
		8A60DBCA1FD60523003076B6 /* Info.plist */ = {isa = PBXFileReference; lastKnownFileType = text.plist.xml; path = Info.plist; sourceTree = "<group>"; };
		8A6EA40A205BD41200692CA7 /* ViewControllerExtensions.swift */ = {isa = PBXFileReference; lastKnownFileType = sourcecode.swift; path = ViewControllerExtensions.swift; sourceTree = "<group>"; };
		8A70C4472057AC52001F3F20 /* UnitExtensions.swift */ = {isa = PBXFileReference; lastKnownFileType = sourcecode.swift; path = UnitExtensions.swift; sourceTree = "<group>"; };
/* End PBXFileReference section */

/* Begin PBXFrameworksBuildPhase section */
		8A60DBB91FD60523003076B6 /* Frameworks */ = {
			isa = PBXFrameworksBuildPhase;
			buildActionMask = 2147483647;
			files = (
				8A16187829F69A9200CE2598 /* XPDiscoveryKit in Frameworks */,
				8A16187629F69A9200CE2598 /* XPConnectKit in Frameworks */,
			);
			runOnlyForDeploymentPostprocessing = 0;
		};
/* End PBXFrameworksBuildPhase section */

/* Begin PBXGroup section */
		8A60DBBD1FD60523003076B6 /* XPConnectSample */ = {
			isa = PBXGroup;
			children = (
				8A70C4462057AC3A001F3F20 /* Extensions */,
				8A60DBBE1FD60523003076B6 /* AppDelegate.swift */,
				8A60DBC01FD60523003076B6 /* ViewController.swift */,
				8A60DBC21FD60523003076B6 /* Main.storyboard */,
				8A60DBC51FD60523003076B6 /* Assets.xcassets */,
				8A60DBC71FD60523003076B6 /* LaunchScreen.storyboard */,
				8A60DBCA1FD60523003076B6 /* Info.plist */,
			);
			path = XPConnectSample;
			sourceTree = "<group>";
		};
		8A70C4462057AC3A001F3F20 /* Extensions */ = {
			isa = PBXGroup;
			children = (
				8A70C4472057AC52001F3F20 /* UnitExtensions.swift */,
				8A6EA40A205BD41200692CA7 /* ViewControllerExtensions.swift */,
			);
			path = Extensions;
			sourceTree = "<group>";
		};
		8AAB2E0D1FD5BD42009EBA2D = {
			isa = PBXGroup;
			children = (
				8A16187429F69A6700CE2598 /* XPDiscoveryKit */,
				8A16187329F69A6100CE2598 /* XPConnectKit */,
				3DB6C77721BFFE900055321C /* Cartfile */,
				3DB6C77821BFFE900055321C /* Cartfile.resolved */,
				8A60DBBD1FD60523003076B6 /* XPConnectSample */,
				8AAB2E181FD5BD42009EBA2D /* Products */,
				8AAB2E581FD5E680009EBA2D /* Frameworks */,
			);
			sourceTree = "<group>";
		};
		8AAB2E181FD5BD42009EBA2D /* Products */ = {
			isa = PBXGroup;
			children = (
				8A60DBBC1FD60523003076B6 /* XPConnectSample.app */,
			);
			name = Products;
			sourceTree = "<group>";
		};
		8AAB2E581FD5E680009EBA2D /* Frameworks */ = {
			isa = PBXGroup;
			children = (
			);
			name = Frameworks;
			sourceTree = "<group>";
		};
/* End PBXGroup section */

/* Begin PBXNativeTarget section */
		8A60DBBB1FD60523003076B6 /* XPConnectSample */ = {
			isa = PBXNativeTarget;
			buildConfigurationList = 8A60DBCB1FD60523003076B6 /* Build configuration list for PBXNativeTarget "XPConnectSample" */;
			buildPhases = (
				8A60DBB81FD60523003076B6 /* Sources */,
				8A60DBB91FD60523003076B6 /* Frameworks */,
				8A60DBBA1FD60523003076B6 /* Resources */,
				8A60DBD21FD60543003076B6 /* Embed Frameworks */,
			);
			buildRules = (
			);
			dependencies = (
			);
			name = XPConnectSample;
			packageProductDependencies = (
				8A16187529F69A9200CE2598 /* XPConnectKit */,
				8A16187729F69A9200CE2598 /* XPDiscoveryKit */,
			);
			productName = XPSample;
			productReference = 8A60DBBC1FD60523003076B6 /* XPConnectSample.app */;
			productType = "com.apple.product-type.application";
		};
/* End PBXNativeTarget section */

/* Begin PBXProject section */
		8AAB2E0E1FD5BD42009EBA2D /* Project object */ = {
			isa = PBXProject;
			attributes = {
				LastSwiftUpdateCheck = 0910;
				LastUpgradeCheck = 0940;
				ORGANIZATIONNAME = TequilaApps;
				TargetAttributes = {
					8A60DBBB1FD60523003076B6 = {
						CreatedOnToolsVersion = 9.1;
						ProvisioningStyle = Automatic;
					};
				};
			};
			buildConfigurationList = 8AAB2E111FD5BD42009EBA2D /* Build configuration list for PBXProject "XPConnectKit" */;
			compatibilityVersion = "Xcode 8.0";
			developmentRegion = en;
			hasScannedForEncodings = 0;
			knownRegions = (
				en,
				Base,
			);
			mainGroup = 8AAB2E0D1FD5BD42009EBA2D;
			productRefGroup = 8AAB2E181FD5BD42009EBA2D /* Products */;
			projectDirPath = "";
			projectRoot = "";
			targets = (
				8A60DBBB1FD60523003076B6 /* XPConnectSample */,
			);
		};
/* End PBXProject section */

/* Begin PBXResourcesBuildPhase section */
		8A60DBBA1FD60523003076B6 /* Resources */ = {
			isa = PBXResourcesBuildPhase;
			buildActionMask = 2147483647;
			files = (
				8A60DBC91FD60523003076B6 /* LaunchScreen.storyboard in Resources */,
				8A60DBC61FD60523003076B6 /* Assets.xcassets in Resources */,
				8A60DBC41FD60523003076B6 /* Main.storyboard in Resources */,
			);
			runOnlyForDeploymentPostprocessing = 0;
		};
/* End PBXResourcesBuildPhase section */

/* Begin PBXSourcesBuildPhase section */
		8A60DBB81FD60523003076B6 /* Sources */ = {
			isa = PBXSourcesBuildPhase;
			buildActionMask = 2147483647;
			files = (
				8A6EA40B205BD41200692CA7 /* ViewControllerExtensions.swift in Sources */,
				8A60DBC11FD60523003076B6 /* ViewController.swift in Sources */,
				8A70C4482057AC52001F3F20 /* UnitExtensions.swift in Sources */,
				8A60DBBF1FD60523003076B6 /* AppDelegate.swift in Sources */,
			);
			runOnlyForDeploymentPostprocessing = 0;
		};
/* End PBXSourcesBuildPhase section */

/* Begin PBXVariantGroup section */
		8A60DBC21FD60523003076B6 /* Main.storyboard */ = {
			isa = PBXVariantGroup;
			children = (
				8A60DBC31FD60523003076B6 /* Base */,
			);
			name = Main.storyboard;
			sourceTree = "<group>";
		};
		8A60DBC71FD60523003076B6 /* LaunchScreen.storyboard */ = {
			isa = PBXVariantGroup;
			children = (
				8A60DBC81FD60523003076B6 /* Base */,
			);
			name = LaunchScreen.storyboard;
			sourceTree = "<group>";
		};
/* End PBXVariantGroup section */

/* Begin XCBuildConfiguration section */
		8A60DBCC1FD60523003076B6 /* Debug */ = {
			isa = XCBuildConfiguration;
			buildSettings = {
				ASSETCATALOG_COMPILER_APPICON_NAME = AppIcon;
				CODE_SIGN_STYLE = Automatic;
				DEVELOPMENT_TEAM = G9MA9G2SST;
				FRAMEWORK_SEARCH_PATHS = (
					"$(inherited)",
					"$(PROJECT_DIR)/Carthage/Build/iOS",
				);
				INFOPLIST_FILE = XPConnectSample/Info.plist;
				IPHONEOS_DEPLOYMENT_TARGET = 13.4;
				LD_RUNPATH_SEARCH_PATHS = (
					"$(inherited)",
					"@executable_path/Frameworks",
				);
				PRODUCT_BUNDLE_IDENTIFIER = net.tequilaapps.XPSample;
				PRODUCT_NAME = "$(TARGET_NAME)";
				SWIFT_ACTIVE_COMPILATION_CONDITIONS = DEBUG;
				SWIFT_OPTIMIZATION_LEVEL = "-Onone";
				SWIFT_VERSION = 4.0;
				TARGETED_DEVICE_FAMILY = "1,2";
			};
			name = Debug;
		};
		8A60DBCD1FD60523003076B6 /* Release */ = {
			isa = XCBuildConfiguration;
			buildSettings = {
				ASSETCATALOG_COMPILER_APPICON_NAME = AppIcon;
				CODE_SIGN_STYLE = Automatic;
				DEVELOPMENT_TEAM = G9MA9G2SST;
				FRAMEWORK_SEARCH_PATHS = (
					"$(inherited)",
					"$(PROJECT_DIR)/Carthage/Build/iOS",
				);
				INFOPLIST_FILE = XPConnectSample/Info.plist;
				IPHONEOS_DEPLOYMENT_TARGET = 13.4;
				LD_RUNPATH_SEARCH_PATHS = (
					"$(inherited)",
					"@executable_path/Frameworks",
				);
				PRODUCT_BUNDLE_IDENTIFIER = net.tequilaapps.XPSample;
				PRODUCT_NAME = "$(TARGET_NAME)";
				SWIFT_COMPILATION_MODE = wholemodule;
				SWIFT_OPTIMIZATION_LEVEL = "-O";
				SWIFT_VERSION = 4.0;
				TARGETED_DEVICE_FAMILY = "1,2";
			};
			name = Release;
		};
		8AAB2E291FD5BD42009EBA2D /* Debug */ = {
			isa = XCBuildConfiguration;
			buildSettings = {
				ALWAYS_SEARCH_USER_PATHS = NO;
				CLANG_ANALYZER_NONNULL = YES;
				CLANG_ANALYZER_NUMBER_OBJECT_CONVERSION = YES_AGGRESSIVE;
				CLANG_CXX_LANGUAGE_STANDARD = "gnu++14";
				CLANG_CXX_LIBRARY = "libc++";
				CLANG_ENABLE_MODULES = YES;
				CLANG_ENABLE_OBJC_ARC = YES;
				CLANG_WARN_BLOCK_CAPTURE_AUTORELEASING = YES;
				CLANG_WARN_BOOL_CONVERSION = YES;
				CLANG_WARN_COMMA = YES;
				CLANG_WARN_CONSTANT_CONVERSION = YES;
				CLANG_WARN_DEPRECATED_OBJC_IMPLEMENTATIONS = YES;
				CLANG_WARN_DIRECT_OBJC_ISA_USAGE = YES_ERROR;
				CLANG_WARN_DOCUMENTATION_COMMENTS = YES;
				CLANG_WARN_EMPTY_BODY = YES;
				CLANG_WARN_ENUM_CONVERSION = YES;
				CLANG_WARN_INFINITE_RECURSION = YES;
				CLANG_WARN_INT_CONVERSION = YES;
				CLANG_WARN_NON_LITERAL_NULL_CONVERSION = YES;
				CLANG_WARN_OBJC_IMPLICIT_RETAIN_SELF = YES;
				CLANG_WARN_OBJC_LITERAL_CONVERSION = YES;
				CLANG_WARN_OBJC_ROOT_CLASS = YES_ERROR;
				CLANG_WARN_RANGE_LOOP_ANALYSIS = YES;
				CLANG_WARN_STRICT_PROTOTYPES = YES;
				CLANG_WARN_SUSPICIOUS_MOVE = YES;
				CLANG_WARN_UNGUARDED_AVAILABILITY = YES_AGGRESSIVE;
				CLANG_WARN_UNREACHABLE_CODE = YES;
				CLANG_WARN__DUPLICATE_METHOD_MATCH = YES;
				CODE_SIGN_IDENTITY = "iPhone Developer";
				COPY_PHASE_STRIP = NO;
				CURRENT_PROJECT_VERSION = 1;
				DEBUG_INFORMATION_FORMAT = dwarf;
				ENABLE_BITCODE = NO;
				ENABLE_STRICT_OBJC_MSGSEND = YES;
				ENABLE_TESTABILITY = YES;
				GCC_C_LANGUAGE_STANDARD = gnu11;
				GCC_DYNAMIC_NO_PIC = NO;
				GCC_NO_COMMON_BLOCKS = YES;
				GCC_OPTIMIZATION_LEVEL = 0;
				GCC_PREPROCESSOR_DEFINITIONS = (
					"DEBUG=1",
					"$(inherited)",
				);
				GCC_WARN_64_TO_32_BIT_CONVERSION = YES;
				GCC_WARN_ABOUT_RETURN_TYPE = YES_ERROR;
				GCC_WARN_UNDECLARED_SELECTOR = YES;
				GCC_WARN_UNINITIALIZED_AUTOS = YES_AGGRESSIVE;
				GCC_WARN_UNUSED_FUNCTION = YES;
				GCC_WARN_UNUSED_VARIABLE = YES;
				IPHONEOS_DEPLOYMENT_TARGET = 11.1;
				MTL_ENABLE_DEBUG_INFO = YES;
				ONLY_ACTIVE_ARCH = YES;
				SDKROOT = iphoneos;
				VERSIONING_SYSTEM = "apple-generic";
				VERSION_INFO_PREFIX = "";
			};
			name = Debug;
		};
		8AAB2E2A1FD5BD42009EBA2D /* Release */ = {
			isa = XCBuildConfiguration;
			buildSettings = {
				ALWAYS_SEARCH_USER_PATHS = NO;
				CLANG_ANALYZER_NONNULL = YES;
				CLANG_ANALYZER_NUMBER_OBJECT_CONVERSION = YES_AGGRESSIVE;
				CLANG_CXX_LANGUAGE_STANDARD = "gnu++14";
				CLANG_CXX_LIBRARY = "libc++";
				CLANG_ENABLE_MODULES = YES;
				CLANG_ENABLE_OBJC_ARC = YES;
				CLANG_WARN_BLOCK_CAPTURE_AUTORELEASING = YES;
				CLANG_WARN_BOOL_CONVERSION = YES;
				CLANG_WARN_COMMA = YES;
				CLANG_WARN_CONSTANT_CONVERSION = YES;
				CLANG_WARN_DEPRECATED_OBJC_IMPLEMENTATIONS = YES;
				CLANG_WARN_DIRECT_OBJC_ISA_USAGE = YES_ERROR;
				CLANG_WARN_DOCUMENTATION_COMMENTS = YES;
				CLANG_WARN_EMPTY_BODY = YES;
				CLANG_WARN_ENUM_CONVERSION = YES;
				CLANG_WARN_INFINITE_RECURSION = YES;
				CLANG_WARN_INT_CONVERSION = YES;
				CLANG_WARN_NON_LITERAL_NULL_CONVERSION = YES;
				CLANG_WARN_OBJC_IMPLICIT_RETAIN_SELF = YES;
				CLANG_WARN_OBJC_LITERAL_CONVERSION = YES;
				CLANG_WARN_OBJC_ROOT_CLASS = YES_ERROR;
				CLANG_WARN_RANGE_LOOP_ANALYSIS = YES;
				CLANG_WARN_STRICT_PROTOTYPES = YES;
				CLANG_WARN_SUSPICIOUS_MOVE = YES;
				CLANG_WARN_UNGUARDED_AVAILABILITY = YES_AGGRESSIVE;
				CLANG_WARN_UNREACHABLE_CODE = YES;
				CLANG_WARN__DUPLICATE_METHOD_MATCH = YES;
				CODE_SIGN_IDENTITY = "iPhone Developer";
				COPY_PHASE_STRIP = NO;
				CURRENT_PROJECT_VERSION = 1;
				DEBUG_INFORMATION_FORMAT = "dwarf-with-dsym";
				ENABLE_BITCODE = NO;
				ENABLE_NS_ASSERTIONS = NO;
				ENABLE_STRICT_OBJC_MSGSEND = YES;
				GCC_C_LANGUAGE_STANDARD = gnu11;
				GCC_NO_COMMON_BLOCKS = YES;
				GCC_WARN_64_TO_32_BIT_CONVERSION = YES;
				GCC_WARN_ABOUT_RETURN_TYPE = YES_ERROR;
				GCC_WARN_UNDECLARED_SELECTOR = YES;
				GCC_WARN_UNINITIALIZED_AUTOS = YES_AGGRESSIVE;
				GCC_WARN_UNUSED_FUNCTION = YES;
				GCC_WARN_UNUSED_VARIABLE = YES;
				IPHONEOS_DEPLOYMENT_TARGET = 11.1;
				MTL_ENABLE_DEBUG_INFO = NO;
				SDKROOT = iphoneos;
				SWIFT_COMPILATION_MODE = wholemodule;
				SWIFT_OPTIMIZATION_LEVEL = "-O";
				VALIDATE_PRODUCT = YES;
				VERSIONING_SYSTEM = "apple-generic";
				VERSION_INFO_PREFIX = "";
			};
			name = Release;
		};
/* End XCBuildConfiguration section */

/* Begin XCConfigurationList section */
		8A60DBCB1FD60523003076B6 /* Build configuration list for PBXNativeTarget "XPConnectSample" */ = {
			isa = XCConfigurationList;
			buildConfigurations = (
				8A60DBCC1FD60523003076B6 /* Debug */,
				8A60DBCD1FD60523003076B6 /* Release */,
			);
			defaultConfigurationIsVisible = 0;
			defaultConfigurationName = Release;
		};
		8AAB2E111FD5BD42009EBA2D /* Build configuration list for PBXProject "XPConnectKit" */ = {
			isa = XCConfigurationList;
			buildConfigurations = (
				8AAB2E291FD5BD42009EBA2D /* Debug */,
				8AAB2E2A1FD5BD42009EBA2D /* Release */,
			);
			defaultConfigurationIsVisible = 0;
			defaultConfigurationName = Release;
		};
/* End XCConfigurationList section */

/* Begin XCSwiftPackageProductDependency section */
		8A16187529F69A9200CE2598 /* XPConnectKit */ = {
			isa = XCSwiftPackageProductDependency;
			productName = XPConnectKit;
		};
		8A16187729F69A9200CE2598 /* XPDiscoveryKit */ = {
			isa = XCSwiftPackageProductDependency;
			productName = XPDiscoveryKit;
		};
/* End XCSwiftPackageProductDependency section */
	};
	rootObject = 8AAB2E0E1FD5BD42009EBA2D /* Project object */;
}
